
Microsoft Visual Studio Solution File, Format Version 12.00
# Visual Studio 15
VisualStudioVersion = 15.0.27703.2026
MinimumVisualStudioVersion = 10.0.40219.1
Project("{9A19103F-16F7-4668-BE54-9A1E7A4F7556}") = "IdentityDemo", "IdentityDemo.csproj", "{309F7CCC-5940-4BE8-82FD-D9E327D5A2DF}"
EndProject
Global
	GlobalSection(SolutionConfigurationPlatforms) = preSolution
		Debug|Any CPU = Debug|Any CPU
		Release|Any CPU = Release|Any CPU
	EndGlobalSection
	GlobalSection(ProjectConfigurationPlatforms) = postSolution
		{309F7CCC-5940-4BE8-82FD-D9E327D5A2DF}.Debug|Any CPU.ActiveCfg = Debug|Any CPU
		{309F7CCC-5940-4BE8-82FD-D9E327D5A2DF}.Debug|Any CPU.Build.0 = Debug|Any CPU
		{309F7CCC-5940-4BE8-82FD-D9E327D5A2DF}.Release|Any CPU.ActiveCfg = Release|Any CPU
		{309F7CCC-5940-4BE8-82FD-D9E327D5A2DF}.Release|Any CPU.Build.0 = Release|Any CPU
	EndGlobalSection
	GlobalSection(SolutionProperties) = preSolution
		HideSolutionNode = FALSE
	EndGlobalSection
	GlobalSection(ExtensibilityGlobals) = postSolution
		SolutionGuid = {8C45AB5E-2EEA-4842-A885-16582FF6E52F}
	EndGlobalSection
EndGlobal
